
Microsoft Visual Studio Solution File, Format Version 12.00
# Visual Studio Version 17
VisualStudioVersion = 17.4.33403.182
MinimumVisualStudioVersion = 10.0.40219.1
Project("{FAE04EC0-301F-11D3-BF4B-00C04F79EFBC}") = "CircularWafer", "CircularWafer\CircularWafer.csproj", "{70AC5CD5-7656-4174-B145-434CB7B03310}"
EndProject
Global
	GlobalSection(SolutionConfigurationPlatforms) = preSolution
		Debug|Any CPU = Debug|Any CPU
		Release|Any CPU = Release|Any CPU
	EndGlobalSection
	GlobalSection(ProjectConfigurationPlatforms) = postSolution
		{70AC5CD5-7656-4174-B145-434CB7B03310}.Debug|Any CPU.ActiveCfg = Debug|Any CPU
		{70AC5CD5-7656-4174-B145-434CB7B03310}.Debug|Any CPU.Build.0 = Debug|Any CPU
		{70AC5CD5-7656-4174-B145-434CB7B03310}.Release|Any CPU.ActiveCfg = Release|Any CPU
		{70AC5CD5-7656-4174-B145-434CB7B03310}.Release|Any CPU.Build.0 = Release|Any CPU
	EndGlobalSection
	GlobalSection(SolutionProperties) = preSolution
		HideSolutionNode = FALSE
	EndGlobalSection
	GlobalSection(ExtensibilityGlobals) = postSolution
		SolutionGuid = {10BD0EC9-D890-4FBD-8312-BA21C9EAE1DF}
	EndGlobalSection
EndGlobal
